
Microsoft Visual Studio Solution File, Format Version 12.00
# Visual Studio Version 16
VisualStudioVersion = 16.0.33529.622
MinimumVisualStudioVersion = 10.0.40219.1
Project("{F184B08F-C81C-45F6-A57F-5ABD9991F28F}") = "BLL", "BLL\BLL.vbproj", "{D2129896-3479-4F9E-8BC6-94245440380C}"
EndProject
Project("{F184B08F-C81C-45F6-A57F-5ABD9991F28F}") = "Tienda", "Tienda\Tienda.vbproj", "{7F72E3CF-4541-4818-9F71-EBE730ED19C7}"
EndProject
Global
	GlobalSection(SolutionConfigurationPlatforms) = preSolution
		Debug|Any CPU = Debug|Any CPU
		Release|Any CPU = Release|Any CPU
	EndGlobalSection
	GlobalSection(ProjectConfigurationPlatforms) = postSolution
		{D2129896-3479-4F9E-8BC6-94245440380C}.Debug|Any CPU.ActiveCfg = Debug|Any CPU
		{D2129896-3479-4F9E-8BC6-94245440380C}.Debug|Any CPU.Build.0 = Debug|Any CPU
		{D2129896-3479-4F9E-8BC6-94245440380C}.Release|Any CPU.ActiveCfg = Release|Any CPU
		{D2129896-3479-4F9E-8BC6-94245440380C}.Release|Any CPU.Build.0 = Release|Any CPU
		{7F72E3CF-4541-4818-9F71-EBE730ED19C7}.Debug|Any CPU.ActiveCfg = Debug|Any CPU
		{7F72E3CF-4541-4818-9F71-EBE730ED19C7}.Debug|Any CPU.Build.0 = Debug|Any CPU
		{7F72E3CF-4541-4818-9F71-EBE730ED19C7}.Release|Any CPU.ActiveCfg = Release|Any CPU
		{7F72E3CF-4541-4818-9F71-EBE730ED19C7}.Release|Any CPU.Build.0 = Release|Any CPU
	EndGlobalSection
	GlobalSection(SolutionProperties) = preSolution
		HideSolutionNode = FALSE
	EndGlobalSection
	GlobalSection(ExtensibilityGlobals) = postSolution
		SolutionGuid = {E3868855-DB61-4737-84C5-8E45CC911799}
	EndGlobalSection
EndGlobal
